
Microsoft Visual Studio Solution File, Format Version 12.00
# Visual Studio Version 17
VisualStudioVersion = 17.3.32611.2
MinimumVisualStudioVersion = 10.0.40219.1
Project("{9A19103F-16F7-4668-BE54-9A1E7A4F7556}") = "ChurchServices.Extensions", "ChurchServices.Extensions\ChurchServices.Extensions.csproj", "{33F086F4-7BB7-42A6-8F18-C49DE98E4462}"
EndProject
Project("{9A19103F-16F7-4668-BE54-9A1E7A4F7556}") = "ChurchServices.Data", "ChurchServices.Data\ChurchServices.Data.csproj", "{0FB363D3-0513-4D8B-B464-16E340E8F3A9}"
EndProject
Project("{9A19103F-16F7-4668-BE54-9A1E7A4F7556}") = "ChurchServices.Data.Export", "ChurchServices.Data.Export\ChurchServices.Data.Export.csproj", "{3351F1DF-193B-4569-AB5B-D0CB28CF1535}"
EndProject
Project("{9A19103F-16F7-4668-BE54-9A1E7A4F7556}") = "ChurchServices.WebApp", "ChurchServices.WebApp\ChurchServices.WebApp.csproj", "{AE31DB5C-8211-45E4-BD8D-8B1F08CA9D71}"
EndProject
Project("{9A19103F-16F7-4668-BE54-9A1E7A4F7556}") = "ChurchServices.WebApp.Switch", "ChurchServices.WebApp.Switch\ChurchServices.WebApp.Switch.csproj", "{8E545F2D-BD03-47B2-B638-4B9EFD588464}"
EndProject
Project("{9A19103F-16F7-4668-BE54-9A1E7A4F7556}") = "ChurchServices.WinApp", "ChurchServices.WinApp\ChurchServices.WinApp.csproj", "{349C338A-3F18-42A5-AA32-9A55136BC147}"
EndProject
Project("{9A19103F-16F7-4668-BE54-9A1E7A4F7556}") = "ChurchServices.Data.Import", "ChurchServices.Data.Import\ChurchServices.Data.Import.csproj", "{B93EDB55-DBF0-4E8E-9299-5DF0F8E7D564}"
EndProject
Project("{9A19103F-16F7-4668-BE54-9A1E7A4F7556}") = "ChurchServices.Data.Export.Tests", "ChurchServices.Data.Export.Tests\ChurchServices.Data.Export.Tests.csproj", "{83FF9611-4E72-49AF-B2AF-7038257A7E6E}"
EndProject
Project("{9A19103F-16F7-4668-BE54-9A1E7A4F7556}") = "ChurchServices.Data.Import.EIB", "ChurchServices.Data.Import.EIB\ChurchServices.Data.Import.EIB.csproj", "{6C2C8EF2-33E9-49C9-909E-5AC09609D51C}"
EndProject
Project("{9A19103F-16F7-4668-BE54-9A1E7A4F7556}") = "ChurchServices.Data.Import.EIB.Test", "ChurchServices.Data.Import.EIB.Test\ChurchServices.Data.Import.EIB.Test.csproj", "{915517C6-78B4-408F-9FB5-BA9F199DA3F3}"
EndProject
Project("{2150E333-8FDC-42A3-9474-1A3956D46DE8}") = "EIB", "EIB", "{ACE77261-DB45-49E9-8F14-BB1DD2ACAE64}"
EndProject
Project("{9A19103F-16F7-4668-BE54-9A1E7A4F7556}") = "EIB.Data", "EIB\EIB.Data\EIB.Data.csproj", "{5EA8EC97-F735-4B26-8EA8-4221A1BA2990}"
EndProject
Project("{9A19103F-16F7-4668-BE54-9A1E7A4F7556}") = "EIB.UI", "EIB\EIB.UI\EIB.UI.csproj", "{86D7AF5A-AF92-4E6B-93CB-ED71BF2A384A}"
EndProject
Project("{2150E333-8FDC-42A3-9474-1A3956D46DE8}") = "Sqlite Version", "Sqlite Version", "{030F8E69-A927-480D-9D0B-C9E5FD7700F4}"
EndProject
Project("{2150E333-8FDC-42A3-9474-1A3956D46DE8}") = "ChurchServices", "ChurchServices", "{645D8D97-571E-4F70-A3E4-10FA6CB8FE48}"
EndProject
Project("{2150E333-8FDC-42A3-9474-1A3956D46DE8}") = "Server", "Server", "{C72E66A7-DEB1-4E10-ADF6-5C6216C5E465}"
EndProject
Project("{2150E333-8FDC-42A3-9474-1A3956D46DE8}") = "Client", "Client", "{F1BD8433-5B98-4931-B200-87A142E1FA1E}"
EndProject
Project("{2150E333-8FDC-42A3-9474-1A3956D46DE8}") = "Shared", "Shared", "{97D086BE-6561-4EC9-BC86-4DFB76B5DC35}"
EndProject
Global
	GlobalSection(SolutionConfigurationPlatforms) = preSolution
		Debug|Any CPU = Debug|Any CPU
		Debug|ARM64 = Debug|ARM64
		Release|Any CPU = Release|Any CPU
		Release|ARM64 = Release|ARM64
	EndGlobalSection
	GlobalSection(ProjectConfigurationPlatforms) = postSolution
		{33F086F4-7BB7-42A6-8F18-C49DE98E4462}.Debug|Any CPU.ActiveCfg = Debug|Any CPU
		{33F086F4-7BB7-42A6-8F18-C49DE98E4462}.Debug|Any CPU.Build.0 = Debug|Any CPU
		{33F086F4-7BB7-42A6-8F18-C49DE98E4462}.Debug|ARM64.ActiveCfg = Debug|ARM64
		{33F086F4-7BB7-42A6-8F18-C49DE98E4462}.Debug|ARM64.Build.0 = Debug|ARM64
		{33F086F4-7BB7-42A6-8F18-C49DE98E4462}.Release|Any CPU.ActiveCfg = Release|Any CPU
		{33F086F4-7BB7-42A6-8F18-C49DE98E4462}.Release|Any CPU.Build.0 = Release|Any CPU
		{33F086F4-7BB7-42A6-8F18-C49DE98E4462}.Release|ARM64.ActiveCfg = Release|ARM64
		{33F086F4-7BB7-42A6-8F18-C49DE98E4462}.Release|ARM64.Build.0 = Release|ARM64
		{0FB363D3-0513-4D8B-B464-16E340E8F3A9}.Debug|Any CPU.ActiveCfg = Debug|Any CPU
		{0FB363D3-0513-4D8B-B464-16E340E8F3A9}.Debug|Any CPU.Build.0 = Debug|Any CPU
		{0FB363D3-0513-4D8B-B464-16E340E8F3A9}.Debug|ARM64.ActiveCfg = Debug|ARM64
		{0FB363D3-0513-4D8B-B464-16E340E8F3A9}.Debug|ARM64.Build.0 = Debug|ARM64
		{0FB363D3-0513-4D8B-B464-16E340E8F3A9}.Release|Any CPU.ActiveCfg = Release|Any CPU
		{0FB363D3-0513-4D8B-B464-16E340E8F3A9}.Release|Any CPU.Build.0 = Release|Any CPU
		{0FB363D3-0513-4D8B-B464-16E340E8F3A9}.Release|ARM64.ActiveCfg = Release|ARM64
		{0FB363D3-0513-4D8B-B464-16E340E8F3A9}.Release|ARM64.Build.0 = Release|ARM64
		{3351F1DF-193B-4569-AB5B-D0CB28CF1535}.Debug|Any CPU.ActiveCfg = Debug|Any CPU
		{3351F1DF-193B-4569-AB5B-D0CB28CF1535}.Debug|Any CPU.Build.0 = Debug|Any CPU
		{3351F1DF-193B-4569-AB5B-D0CB28CF1535}.Debug|ARM64.ActiveCfg = Debug|ARM64
		{3351F1DF-193B-4569-AB5B-D0CB28CF1535}.Debug|ARM64.Build.0 = Debug|ARM64
		{3351F1DF-193B-4569-AB5B-D0CB28CF1535}.Release|Any CPU.ActiveCfg = Release|Any CPU
		{3351F1DF-193B-4569-AB5B-D0CB28CF1535}.Release|Any CPU.Build.0 = Release|Any CPU
		{3351F1DF-193B-4569-AB5B-D0CB28CF1535}.Release|ARM64.ActiveCfg = Release|ARM64
		{3351F1DF-193B-4569-AB5B-D0CB28CF1535}.Release|ARM64.Build.0 = Release|ARM64
		{AE31DB5C-8211-45E4-BD8D-8B1F08CA9D71}.Debug|Any CPU.ActiveCfg = Debug|Any CPU
		{AE31DB5C-8211-45E4-BD8D-8B1F08CA9D71}.Debug|Any CPU.Build.0 = Debug|Any CPU
		{AE31DB5C-8211-45E4-BD8D-8B1F08CA9D71}.Debug|ARM64.ActiveCfg = Debug|ARM64
		{AE31DB5C-8211-45E4-BD8D-8B1F08CA9D71}.Debug|ARM64.Build.0 = Debug|ARM64
		{AE31DB5C-8211-45E4-BD8D-8B1F08CA9D71}.Release|Any CPU.ActiveCfg = Release|Any CPU
		{AE31DB5C-8211-45E4-BD8D-8B1F08CA9D71}.Release|Any CPU.Build.0 = Release|Any CPU
		{AE31DB5C-8211-45E4-BD8D-8B1F08CA9D71}.Release|ARM64.ActiveCfg = Release|ARM64
		{AE31DB5C-8211-45E4-BD8D-8B1F08CA9D71}.Release|ARM64.Build.0 = Release|ARM64
		{8E545F2D-BD03-47B2-B638-4B9EFD588464}.Debug|Any CPU.ActiveCfg = Debug|Any CPU
		{8E545F2D-BD03-47B2-B638-4B9EFD588464}.Debug|Any CPU.Build.0 = Debug|Any CPU
		{8E545F2D-BD03-47B2-B638-4B9EFD588464}.Debug|ARM64.ActiveCfg = Debug|ARM64
		{8E545F2D-BD03-47B2-B638-4B9EFD588464}.Debug|ARM64.Build.0 = Debug|ARM64
		{8E545F2D-BD03-47B2-B638-4B9EFD588464}.Release|Any CPU.ActiveCfg = Release|Any CPU
		{8E545F2D-BD03-47B2-B638-4B9EFD588464}.Release|Any CPU.Build.0 = Release|Any CPU
		{8E545F2D-BD03-47B2-B638-4B9EFD588464}.Release|ARM64.ActiveCfg = Release|Any CPU
		{8E545F2D-BD03-47B2-B638-4B9EFD588464}.Release|ARM64.Build.0 = Release|Any CPU
		{349C338A-3F18-42A5-AA32-9A55136BC147}.Debug|Any CPU.ActiveCfg = Debug|Any CPU
		{349C338A-3F18-42A5-AA32-9A55136BC147}.Debug|Any CPU.Build.0 = Debug|Any CPU
		{349C338A-3F18-42A5-AA32-9A55136BC147}.Debug|ARM64.ActiveCfg = Debug|Any CPU
		{349C338A-3F18-42A5-AA32-9A55136BC147}.Debug|ARM64.Build.0 = Debug|Any CPU
		{349C338A-3F18-42A5-AA32-9A55136BC147}.Release|Any CPU.ActiveCfg = Release|Any CPU
		{349C338A-3F18-42A5-AA32-9A55136BC147}.Release|Any CPU.Build.0 = Release|Any CPU
		{349C338A-3F18-42A5-AA32-9A55136BC147}.Release|ARM64.ActiveCfg = Release|Any CPU
		{349C338A-3F18-42A5-AA32-9A55136BC147}.Release|ARM64.Build.0 = Release|Any CPU
		{B93EDB55-DBF0-4E8E-9299-5DF0F8E7D564}.Debug|Any CPU.ActiveCfg = Debug|Any CPU
		{B93EDB55-DBF0-4E8E-9299-5DF0F8E7D564}.Debug|Any CPU.Build.0 = Debug|Any CPU
		{B93EDB55-DBF0-4E8E-9299-5DF0F8E7D564}.Debug|ARM64.ActiveCfg = Debug|Any CPU
		{B93EDB55-DBF0-4E8E-9299-5DF0F8E7D564}.Debug|ARM64.Build.0 = Debug|Any CPU
		{B93EDB55-DBF0-4E8E-9299-5DF0F8E7D564}.Release|Any CPU.ActiveCfg = Release|Any CPU
		{B93EDB55-DBF0-4E8E-9299-5DF0F8E7D564}.Release|Any CPU.Build.0 = Release|Any CPU
		{B93EDB55-DBF0-4E8E-9299-5DF0F8E7D564}.Release|ARM64.ActiveCfg = Release|Any CPU
		{B93EDB55-DBF0-4E8E-9299-5DF0F8E7D564}.Release|ARM64.Build.0 = Release|Any CPU
		{83FF9611-4E72-49AF-B2AF-7038257A7E6E}.Debug|Any CPU.ActiveCfg = Debug|Any CPU
		{83FF9611-4E72-49AF-B2AF-7038257A7E6E}.Debug|Any CPU.Build.0 = Debug|Any CPU
		{83FF9611-4E72-49AF-B2AF-7038257A7E6E}.Debug|ARM64.ActiveCfg = Debug|Any CPU
		{83FF9611-4E72-49AF-B2AF-7038257A7E6E}.Debug|ARM64.Build.0 = Debug|Any CPU
		{83FF9611-4E72-49AF-B2AF-7038257A7E6E}.Release|Any CPU.ActiveCfg = Release|Any CPU
		{83FF9611-4E72-49AF-B2AF-7038257A7E6E}.Release|Any CPU.Build.0 = Release|Any CPU
		{83FF9611-4E72-49AF-B2AF-7038257A7E6E}.Release|ARM64.ActiveCfg = Release|Any CPU
		{83FF9611-4E72-49AF-B2AF-7038257A7E6E}.Release|ARM64.Build.0 = Release|Any CPU
		{6C2C8EF2-33E9-49C9-909E-5AC09609D51C}.Debug|Any CPU.ActiveCfg = Debug|Any CPU
		{6C2C8EF2-33E9-49C9-909E-5AC09609D51C}.Debug|Any CPU.Build.0 = Debug|Any CPU
		{6C2C8EF2-33E9-49C9-909E-5AC09609D51C}.Debug|ARM64.ActiveCfg = Debug|Any CPU
		{6C2C8EF2-33E9-49C9-909E-5AC09609D51C}.Debug|ARM64.Build.0 = Debug|Any CPU
		{6C2C8EF2-33E9-49C9-909E-5AC09609D51C}.Release|Any CPU.ActiveCfg = Release|Any CPU
		{6C2C8EF2-33E9-49C9-909E-5AC09609D51C}.Release|Any CPU.Build.0 = Release|Any CPU
		{6C2C8EF2-33E9-49C9-909E-5AC09609D51C}.Release|ARM64.ActiveCfg = Release|Any CPU
		{6C2C8EF2-33E9-49C9-909E-5AC09609D51C}.Release|ARM64.Build.0 = Release|Any CPU
		{915517C6-78B4-408F-9FB5-BA9F199DA3F3}.Debug|Any CPU.ActiveCfg = Debug|Any CPU
		{915517C6-78B4-408F-9FB5-BA9F199DA3F3}.Debug|Any CPU.Build.0 = Debug|Any CPU
		{915517C6-78B4-408F-9FB5-BA9F199DA3F3}.Debug|ARM64.ActiveCfg = Debug|Any CPU
		{915517C6-78B4-408F-9FB5-BA9F199DA3F3}.Debug|ARM64.Build.0 = Debug|Any CPU
		{915517C6-78B4-408F-9FB5-BA9F199DA3F3}.Release|Any CPU.ActiveCfg = Release|Any CPU
		{915517C6-78B4-408F-9FB5-BA9F199DA3F3}.Release|Any CPU.Build.0 = Release|Any CPU
		{915517C6-78B4-408F-9FB5-BA9F199DA3F3}.Release|ARM64.ActiveCfg = Release|Any CPU
		{915517C6-78B4-408F-9FB5-BA9F199DA3F3}.Release|ARM64.Build.0 = Release|Any CPU
		{5EA8EC97-F735-4B26-8EA8-4221A1BA2990}.Debug|Any CPU.ActiveCfg = Debug|Any CPU
		{5EA8EC97-F735-4B26-8EA8-4221A1BA2990}.Debug|Any CPU.Build.0 = Debug|Any CPU
		{5EA8EC97-F735-4B26-8EA8-4221A1BA2990}.Debug|ARM64.ActiveCfg = Debug|Any CPU
		{5EA8EC97-F735-4B26-8EA8-4221A1BA2990}.Debug|ARM64.Build.0 = Debug|Any CPU
		{5EA8EC97-F735-4B26-8EA8-4221A1BA2990}.Release|Any CPU.ActiveCfg = Release|Any CPU
		{5EA8EC97-F735-4B26-8EA8-4221A1BA2990}.Release|Any CPU.Build.0 = Release|Any CPU
		{5EA8EC97-F735-4B26-8EA8-4221A1BA2990}.Release|ARM64.ActiveCfg = Release|Any CPU
		{5EA8EC97-F735-4B26-8EA8-4221A1BA2990}.Release|ARM64.Build.0 = Release|Any CPU
		{86D7AF5A-AF92-4E6B-93CB-ED71BF2A384A}.Debug|Any CPU.ActiveCfg = Debug|Any CPU
		{86D7AF5A-AF92-4E6B-93CB-ED71BF2A384A}.Debug|Any CPU.Build.0 = Debug|Any CPU
		{86D7AF5A-AF92-4E6B-93CB-ED71BF2A384A}.Debug|ARM64.ActiveCfg = Debug|Any CPU
		{86D7AF5A-AF92-4E6B-93CB-ED71BF2A384A}.Debug|ARM64.Build.0 = Debug|Any CPU
		{86D7AF5A-AF92-4E6B-93CB-ED71BF2A384A}.Release|Any CPU.ActiveCfg = Release|Any CPU
		{86D7AF5A-AF92-4E6B-93CB-ED71BF2A384A}.Release|Any CPU.Build.0 = Release|Any CPU
		{86D7AF5A-AF92-4E6B-93CB-ED71BF2A384A}.Release|ARM64.ActiveCfg = Release|Any CPU
		{86D7AF5A-AF92-4E6B-93CB-ED71BF2A384A}.Release|ARM64.Build.0 = Release|Any CPU
	EndGlobalSection
	GlobalSection(SolutionProperties) = preSolution
		HideSolutionNode = FALSE
	EndGlobalSection
	GlobalSection(NestedProjects) = preSolution
		{33F086F4-7BB7-42A6-8F18-C49DE98E4462} = {030F8E69-A927-480D-9D0B-C9E5FD7700F4}
		{0FB363D3-0513-4D8B-B464-16E340E8F3A9} = {030F8E69-A927-480D-9D0B-C9E5FD7700F4}
		{3351F1DF-193B-4569-AB5B-D0CB28CF1535} = {030F8E69-A927-480D-9D0B-C9E5FD7700F4}
		{AE31DB5C-8211-45E4-BD8D-8B1F08CA9D71} = {030F8E69-A927-480D-9D0B-C9E5FD7700F4}
		{8E545F2D-BD03-47B2-B638-4B9EFD588464} = {030F8E69-A927-480D-9D0B-C9E5FD7700F4}
		{349C338A-3F18-42A5-AA32-9A55136BC147} = {030F8E69-A927-480D-9D0B-C9E5FD7700F4}
		{B93EDB55-DBF0-4E8E-9299-5DF0F8E7D564} = {030F8E69-A927-480D-9D0B-C9E5FD7700F4}
		{83FF9611-4E72-49AF-B2AF-7038257A7E6E} = {030F8E69-A927-480D-9D0B-C9E5FD7700F4}
		{6C2C8EF2-33E9-49C9-909E-5AC09609D51C} = {030F8E69-A927-480D-9D0B-C9E5FD7700F4}
		{915517C6-78B4-408F-9FB5-BA9F199DA3F3} = {030F8E69-A927-480D-9D0B-C9E5FD7700F4}
		{5EA8EC97-F735-4B26-8EA8-4221A1BA2990} = {ACE77261-DB45-49E9-8F14-BB1DD2ACAE64}
		{86D7AF5A-AF92-4E6B-93CB-ED71BF2A384A} = {ACE77261-DB45-49E9-8F14-BB1DD2ACAE64}
		{C72E66A7-DEB1-4E10-ADF6-5C6216C5E465} = {645D8D97-571E-4F70-A3E4-10FA6CB8FE48}
		{F1BD8433-5B98-4931-B200-87A142E1FA1E} = {645D8D97-571E-4F70-A3E4-10FA6CB8FE48}
		{97D086BE-6561-4EC9-BC86-4DFB76B5DC35} = {645D8D97-571E-4F70-A3E4-10FA6CB8FE48}
	EndGlobalSection
	GlobalSection(ExtensibilityGlobals) = postSolution
		SolutionGuid = {29DF2951-BA29-445A-AFDA-9158048A4E6C}
	EndGlobalSection
EndGlobal
