
Microsoft Visual Studio Solution File, Format Version 12.00
# Visual Studio Version 16
VisualStudioVersion = 16.0.30523.141
MinimumVisualStudioVersion = 10.0.40219.1
Project("{2150E333-8FDC-42A3-9474-1A3956D46DE8}") = "Root", "Root", "{7B0B3254-AB07-4311-AE6A-6370AC142B4F}"
	ProjectSection(SolutionItems) = preProject
		..\README.md = ..\README.md
	EndProjectSection
EndProject
Project("{9A19103F-16F7-4668-BE54-9A1E7A4F7556}") = "IBE.Data", "IBE.Data\IBE.Data.csproj", "{E0F97B67-F1A2-45F3-A662-055FE1FEDB91}"
EndProject
Project("{9A19103F-16F7-4668-BE54-9A1E7A4F7556}") = "IBE.Data.Import", "IBE.Data.Import\IBE.Data.Import.csproj", "{4FF8E428-5D1A-41D5-82AA-B2EB2094B21A}"
EndProject
Project("{2150E333-8FDC-42A3-9474-1A3956D46DE8}") = "src", "src", "{17B5A392-4993-4F4B-A3C6-420B69A9BC52}"
EndProject
Project("{2150E333-8FDC-42A3-9474-1A3956D46DE8}") = "test", "test", "{718513C5-B6AE-4F1A-8B59-ACB43B3DAA21}"
EndProject
Project("{FAE04EC0-301F-11D3-BF4B-00C04F79EFBC}") = "IBE.Data.Import.Test", "..\test\IBE.Data.Import.Test\IBE.Data.Import.Test.csproj", "{BB1A948A-012B-4EEC-852C-837072C6475D}"
EndProject
Project("{FAE04EC0-301F-11D3-BF4B-00C04F79EFBC}") = "IBE.WindowsClient", "IBE.WindowsClient\IBE.WindowsClient.csproj", "{B5656048-8805-4C5B-A7E7-0DA5C1688E41}"
EndProject
Project("{9A19103F-16F7-4668-BE54-9A1E7A4F7556}") = "Church.WebApp", "Church.WebApp\Church.WebApp.csproj", "{17B5E84C-0925-48D2-9375-C55217658720}"
EndProject
Global
	GlobalSection(SolutionConfigurationPlatforms) = preSolution
		Debug|Any CPU = Debug|Any CPU
		Release|Any CPU = Release|Any CPU
	EndGlobalSection
	GlobalSection(ProjectConfigurationPlatforms) = postSolution
		{E0F97B67-F1A2-45F3-A662-055FE1FEDB91}.Debug|Any CPU.ActiveCfg = Debug|Any CPU
		{E0F97B67-F1A2-45F3-A662-055FE1FEDB91}.Debug|Any CPU.Build.0 = Debug|Any CPU
		{E0F97B67-F1A2-45F3-A662-055FE1FEDB91}.Release|Any CPU.ActiveCfg = Release|Any CPU
		{E0F97B67-F1A2-45F3-A662-055FE1FEDB91}.Release|Any CPU.Build.0 = Release|Any CPU
		{4FF8E428-5D1A-41D5-82AA-B2EB2094B21A}.Debug|Any CPU.ActiveCfg = Debug|Any CPU
		{4FF8E428-5D1A-41D5-82AA-B2EB2094B21A}.Debug|Any CPU.Build.0 = Debug|Any CPU
		{4FF8E428-5D1A-41D5-82AA-B2EB2094B21A}.Release|Any CPU.ActiveCfg = Release|Any CPU
		{4FF8E428-5D1A-41D5-82AA-B2EB2094B21A}.Release|Any CPU.Build.0 = Release|Any CPU
		{BB1A948A-012B-4EEC-852C-837072C6475D}.Debug|Any CPU.ActiveCfg = Debug|Any CPU
		{BB1A948A-012B-4EEC-852C-837072C6475D}.Debug|Any CPU.Build.0 = Debug|Any CPU
		{BB1A948A-012B-4EEC-852C-837072C6475D}.Release|Any CPU.ActiveCfg = Release|Any CPU
		{BB1A948A-012B-4EEC-852C-837072C6475D}.Release|Any CPU.Build.0 = Release|Any CPU
		{B5656048-8805-4C5B-A7E7-0DA5C1688E41}.Debug|Any CPU.ActiveCfg = Debug|Any CPU
		{B5656048-8805-4C5B-A7E7-0DA5C1688E41}.Debug|Any CPU.Build.0 = Debug|Any CPU
		{B5656048-8805-4C5B-A7E7-0DA5C1688E41}.Release|Any CPU.ActiveCfg = Release|Any CPU
		{B5656048-8805-4C5B-A7E7-0DA5C1688E41}.Release|Any CPU.Build.0 = Release|Any CPU
		{17B5E84C-0925-48D2-9375-C55217658720}.Debug|Any CPU.ActiveCfg = Debug|Any CPU
		{17B5E84C-0925-48D2-9375-C55217658720}.Debug|Any CPU.Build.0 = Debug|Any CPU
		{17B5E84C-0925-48D2-9375-C55217658720}.Release|Any CPU.ActiveCfg = Release|Any CPU
		{17B5E84C-0925-48D2-9375-C55217658720}.Release|Any CPU.Build.0 = Release|Any CPU
	EndGlobalSection
	GlobalSection(SolutionProperties) = preSolution
		HideSolutionNode = FALSE
	EndGlobalSection
	GlobalSection(NestedProjects) = preSolution
		{E0F97B67-F1A2-45F3-A662-055FE1FEDB91} = {17B5A392-4993-4F4B-A3C6-420B69A9BC52}
		{4FF8E428-5D1A-41D5-82AA-B2EB2094B21A} = {17B5A392-4993-4F4B-A3C6-420B69A9BC52}
		{BB1A948A-012B-4EEC-852C-837072C6475D} = {718513C5-B6AE-4F1A-8B59-ACB43B3DAA21}
		{B5656048-8805-4C5B-A7E7-0DA5C1688E41} = {17B5A392-4993-4F4B-A3C6-420B69A9BC52}
		{17B5E84C-0925-48D2-9375-C55217658720} = {17B5A392-4993-4F4B-A3C6-420B69A9BC52}
	EndGlobalSection
	GlobalSection(ExtensibilityGlobals) = postSolution
		SolutionGuid = {7716740D-07D5-48A5-89AC-F9BC8E61E5DC}
	EndGlobalSection
EndGlobal
