
Microsoft Visual Studio Solution File, Format Version 12.00
# Visual Studio Version 17
VisualStudioVersion = 17.0.31912.275
MinimumVisualStudioVersion = 10.0.40219.1
Project("{2150E333-8FDC-42A3-9474-1A3956D46DE8}") = "Root", "Root", "{7B0B3254-AB07-4311-AE6A-6370AC142B4F}"
	ProjectSection(SolutionItems) = preProject
		Notes.txt = Notes.txt
		..\README.md = ..\README.md
	EndProjectSection
EndProject
Project("{9A19103F-16F7-4668-BE54-9A1E7A4F7556}") = "IBE.Data", "IBE.Data\IBE.Data.csproj", "{E0F97B67-F1A2-45F3-A662-055FE1FEDB91}"
EndProject
Project("{9A19103F-16F7-4668-BE54-9A1E7A4F7556}") = "IBE.Data.Import", "IBE.Data.Import\IBE.Data.Import.csproj", "{4FF8E428-5D1A-41D5-82AA-B2EB2094B21A}"
EndProject
Project("{2150E333-8FDC-42A3-9474-1A3956D46DE8}") = "src", "src", "{17B5A392-4993-4F4B-A3C6-420B69A9BC52}"
EndProject
Project("{2150E333-8FDC-42A3-9474-1A3956D46DE8}") = "test", "test", "{718513C5-B6AE-4F1A-8B59-ACB43B3DAA21}"
EndProject
Project("{FAE04EC0-301F-11D3-BF4B-00C04F79EFBC}") = "IBE.Data.Import.Test", "..\test\IBE.Data.Import.Test\IBE.Data.Import.Test.csproj", "{BB1A948A-012B-4EEC-852C-837072C6475D}"
EndProject
Project("{FAE04EC0-301F-11D3-BF4B-00C04F79EFBC}") = "IBE.WindowsClient", "IBE.WindowsClient\IBE.WindowsClient.csproj", "{B5656048-8805-4C5B-A7E7-0DA5C1688E41}"
EndProject
Project("{9A19103F-16F7-4668-BE54-9A1E7A4F7556}") = "Church.WebApp", "Church.WebApp\Church.WebApp.csproj", "{17B5E84C-0925-48D2-9375-C55217658720}"
EndProject
Project("{9A19103F-16F7-4668-BE54-9A1E7A4F7556}") = "IBE.Common", "IBE.Common\IBE.Common.csproj", "{FA1C9CBA-B5CF-4BEA-971D-9A5731E85B8A}"
EndProject
Project("{9A19103F-16F7-4668-BE54-9A1E7A4F7556}") = "IBE.Data.Export", "IBE.Data.Export\IBE.Data.Export.csproj", "{6771BBB3-C134-48B9-8BA8-CC189CA26499}"
EndProject
Project("{2150E333-8FDC-42A3-9474-1A3956D46DE8}") = "EIB", "EIB", "{20936FDE-4AE6-4667-8BF5-3E3F80F3FEE1}"
EndProject
Project("{FAE04EC0-301F-11D3-BF4B-00C04F79EFBC}") = "EIB.CommentaryEditor", "EIB\EIB.CommentaryEditor\EIB.CommentaryEditor.csproj", "{2E96075A-720B-4CB7-B904-9E59A1F3E486}"
EndProject
Project("{2150E333-8FDC-42A3-9474-1A3956D46DE8}") = "Web", "Web", "{9AD0C9FC-4F19-40F9-969A-A473FA0EF249}"
EndProject
Project("{2150E333-8FDC-42A3-9474-1A3956D46DE8}") = "IBE", "IBE", "{19B39127-F252-4653-B89B-4590B211FD77}"
EndProject
Project("{2150E333-8FDC-42A3-9474-1A3956D46DE8}") = "Utils", "Utils", "{0488FEC5-C522-4AC4-9038-6A6A5D5D1D36}"
EndProject
Project("{FAE04EC0-301F-11D3-BF4B-00C04F79EFBC}") = "SvgToIconConverter", "Utils\SvgToIconConverter\SvgToIconConverter.csproj", "{EEAA8FE9-5249-4F5D-99F9-FEFB5E90F1D6}"
EndProject
Project("{2150E333-8FDC-42A3-9474-1A3956D46DE8}") = "Book Maker", "Book Maker", "{6F14F372-DE0D-4BB0-B7C5-0571B091B375}"
EndProject
Project("{9A19103F-16F7-4668-BE54-9A1E7A4F7556}") = "BooksMaker.WindowsClient", "BooksMaker.WindowsClient\BooksMaker.WindowsClient.csproj", "{474B5B9E-0DEB-41EE-8BB1-453E8276A3BD}"
EndProject
Project("{9A19103F-16F7-4668-BE54-9A1E7A4F7556}") = "IBE.Translator", "IBE.Translator\IBE.Translator.csproj", "{E0D4FE88-073C-4902-83C1-9164E22CE806}"
EndProject
Project("{9A19103F-16F7-4668-BE54-9A1E7A4F7556}") = "EIB.SNPPD.Importer", "EIB.SNPPD.Importer\EIB.SNPPD.Importer.csproj", "{E883C9B4-44E3-42DC-AD0E-4AB87203EDBC}"
EndProject
Project("{9A19103F-16F7-4668-BE54-9A1E7A4F7556}") = "IBE.ePubConverter", "IBE.ePubConverter\IBE.ePubConverter.csproj", "{0CE8E036-B920-4F83-95B6-27D8925EA472}"
EndProject
Project("{FAE04EC0-301F-11D3-BF4B-00C04F79EFBC}") = "WBST.Bibliography", "WBST.Bibliography\WBST.Bibliography.csproj", "{E9F17C93-4D74-4A1F-8AEE-0645DB091F35}"
EndProject
Global
	GlobalSection(SolutionConfigurationPlatforms) = preSolution
		Debug|Any CPU = Debug|Any CPU
		Debug|x86 = Debug|x86
		Release|Any CPU = Release|Any CPU
		Release|x86 = Release|x86
	EndGlobalSection
	GlobalSection(ProjectConfigurationPlatforms) = postSolution
		{E0F97B67-F1A2-45F3-A662-055FE1FEDB91}.Debug|Any CPU.ActiveCfg = Debug|Any CPU
		{E0F97B67-F1A2-45F3-A662-055FE1FEDB91}.Debug|Any CPU.Build.0 = Debug|Any CPU
		{E0F97B67-F1A2-45F3-A662-055FE1FEDB91}.Debug|x86.ActiveCfg = Debug|Any CPU
		{E0F97B67-F1A2-45F3-A662-055FE1FEDB91}.Debug|x86.Build.0 = Debug|Any CPU
		{E0F97B67-F1A2-45F3-A662-055FE1FEDB91}.Release|Any CPU.ActiveCfg = Release|Any CPU
		{E0F97B67-F1A2-45F3-A662-055FE1FEDB91}.Release|Any CPU.Build.0 = Release|Any CPU
		{E0F97B67-F1A2-45F3-A662-055FE1FEDB91}.Release|x86.ActiveCfg = Release|Any CPU
		{E0F97B67-F1A2-45F3-A662-055FE1FEDB91}.Release|x86.Build.0 = Release|Any CPU
		{4FF8E428-5D1A-41D5-82AA-B2EB2094B21A}.Debug|Any CPU.ActiveCfg = Debug|Any CPU
		{4FF8E428-5D1A-41D5-82AA-B2EB2094B21A}.Debug|Any CPU.Build.0 = Debug|Any CPU
		{4FF8E428-5D1A-41D5-82AA-B2EB2094B21A}.Debug|x86.ActiveCfg = Debug|Any CPU
		{4FF8E428-5D1A-41D5-82AA-B2EB2094B21A}.Debug|x86.Build.0 = Debug|Any CPU
		{4FF8E428-5D1A-41D5-82AA-B2EB2094B21A}.Release|Any CPU.ActiveCfg = Release|Any CPU
		{4FF8E428-5D1A-41D5-82AA-B2EB2094B21A}.Release|Any CPU.Build.0 = Release|Any CPU
		{4FF8E428-5D1A-41D5-82AA-B2EB2094B21A}.Release|x86.ActiveCfg = Release|Any CPU
		{4FF8E428-5D1A-41D5-82AA-B2EB2094B21A}.Release|x86.Build.0 = Release|Any CPU
		{BB1A948A-012B-4EEC-852C-837072C6475D}.Debug|Any CPU.ActiveCfg = Debug|Any CPU
		{BB1A948A-012B-4EEC-852C-837072C6475D}.Debug|Any CPU.Build.0 = Debug|Any CPU
		{BB1A948A-012B-4EEC-852C-837072C6475D}.Debug|x86.ActiveCfg = Debug|Any CPU
		{BB1A948A-012B-4EEC-852C-837072C6475D}.Debug|x86.Build.0 = Debug|Any CPU
		{BB1A948A-012B-4EEC-852C-837072C6475D}.Release|Any CPU.ActiveCfg = Release|Any CPU
		{BB1A948A-012B-4EEC-852C-837072C6475D}.Release|Any CPU.Build.0 = Release|Any CPU
		{BB1A948A-012B-4EEC-852C-837072C6475D}.Release|x86.ActiveCfg = Release|Any CPU
		{BB1A948A-012B-4EEC-852C-837072C6475D}.Release|x86.Build.0 = Release|Any CPU
		{B5656048-8805-4C5B-A7E7-0DA5C1688E41}.Debug|Any CPU.ActiveCfg = Debug|Any CPU
		{B5656048-8805-4C5B-A7E7-0DA5C1688E41}.Debug|Any CPU.Build.0 = Debug|Any CPU
		{B5656048-8805-4C5B-A7E7-0DA5C1688E41}.Debug|x86.ActiveCfg = Debug|Win32
		{B5656048-8805-4C5B-A7E7-0DA5C1688E41}.Debug|x86.Build.0 = Debug|Win32
		{B5656048-8805-4C5B-A7E7-0DA5C1688E41}.Release|Any CPU.ActiveCfg = Release|Any CPU
		{B5656048-8805-4C5B-A7E7-0DA5C1688E41}.Release|Any CPU.Build.0 = Release|Any CPU
		{B5656048-8805-4C5B-A7E7-0DA5C1688E41}.Release|x86.ActiveCfg = Release|Win32
		{B5656048-8805-4C5B-A7E7-0DA5C1688E41}.Release|x86.Build.0 = Release|Win32
		{17B5E84C-0925-48D2-9375-C55217658720}.Debug|Any CPU.ActiveCfg = Debug|Any CPU
		{17B5E84C-0925-48D2-9375-C55217658720}.Debug|Any CPU.Build.0 = Debug|Any CPU
		{17B5E84C-0925-48D2-9375-C55217658720}.Debug|x86.ActiveCfg = Debug|Any CPU
		{17B5E84C-0925-48D2-9375-C55217658720}.Debug|x86.Build.0 = Debug|Any CPU
		{17B5E84C-0925-48D2-9375-C55217658720}.Release|Any CPU.ActiveCfg = Release|Any CPU
		{17B5E84C-0925-48D2-9375-C55217658720}.Release|Any CPU.Build.0 = Release|Any CPU
		{17B5E84C-0925-48D2-9375-C55217658720}.Release|x86.ActiveCfg = Release|Any CPU
		{17B5E84C-0925-48D2-9375-C55217658720}.Release|x86.Build.0 = Release|Any CPU
		{FA1C9CBA-B5CF-4BEA-971D-9A5731E85B8A}.Debug|Any CPU.ActiveCfg = Debug|Any CPU
		{FA1C9CBA-B5CF-4BEA-971D-9A5731E85B8A}.Debug|Any CPU.Build.0 = Debug|Any CPU
		{FA1C9CBA-B5CF-4BEA-971D-9A5731E85B8A}.Debug|x86.ActiveCfg = Debug|Any CPU
		{FA1C9CBA-B5CF-4BEA-971D-9A5731E85B8A}.Debug|x86.Build.0 = Debug|Any CPU
		{FA1C9CBA-B5CF-4BEA-971D-9A5731E85B8A}.Release|Any CPU.ActiveCfg = Release|Any CPU
		{FA1C9CBA-B5CF-4BEA-971D-9A5731E85B8A}.Release|Any CPU.Build.0 = Release|Any CPU
		{FA1C9CBA-B5CF-4BEA-971D-9A5731E85B8A}.Release|x86.ActiveCfg = Release|Any CPU
		{FA1C9CBA-B5CF-4BEA-971D-9A5731E85B8A}.Release|x86.Build.0 = Release|Any CPU
		{6771BBB3-C134-48B9-8BA8-CC189CA26499}.Debug|Any CPU.ActiveCfg = Debug|Any CPU
		{6771BBB3-C134-48B9-8BA8-CC189CA26499}.Debug|Any CPU.Build.0 = Debug|Any CPU
		{6771BBB3-C134-48B9-8BA8-CC189CA26499}.Debug|x86.ActiveCfg = Debug|Any CPU
		{6771BBB3-C134-48B9-8BA8-CC189CA26499}.Debug|x86.Build.0 = Debug|Any CPU
		{6771BBB3-C134-48B9-8BA8-CC189CA26499}.Release|Any CPU.ActiveCfg = Release|Any CPU
		{6771BBB3-C134-48B9-8BA8-CC189CA26499}.Release|Any CPU.Build.0 = Release|Any CPU
		{6771BBB3-C134-48B9-8BA8-CC189CA26499}.Release|x86.ActiveCfg = Release|Any CPU
		{6771BBB3-C134-48B9-8BA8-CC189CA26499}.Release|x86.Build.0 = Release|Any CPU
		{2E96075A-720B-4CB7-B904-9E59A1F3E486}.Debug|Any CPU.ActiveCfg = Debug|Any CPU
		{2E96075A-720B-4CB7-B904-9E59A1F3E486}.Debug|Any CPU.Build.0 = Debug|Any CPU
		{2E96075A-720B-4CB7-B904-9E59A1F3E486}.Debug|x86.ActiveCfg = Debug|Any CPU
		{2E96075A-720B-4CB7-B904-9E59A1F3E486}.Debug|x86.Build.0 = Debug|Any CPU
		{2E96075A-720B-4CB7-B904-9E59A1F3E486}.Release|Any CPU.ActiveCfg = Release|Any CPU
		{2E96075A-720B-4CB7-B904-9E59A1F3E486}.Release|Any CPU.Build.0 = Release|Any CPU
		{2E96075A-720B-4CB7-B904-9E59A1F3E486}.Release|x86.ActiveCfg = Release|Any CPU
		{2E96075A-720B-4CB7-B904-9E59A1F3E486}.Release|x86.Build.0 = Release|Any CPU
		{EEAA8FE9-5249-4F5D-99F9-FEFB5E90F1D6}.Debug|Any CPU.ActiveCfg = Debug|Any CPU
		{EEAA8FE9-5249-4F5D-99F9-FEFB5E90F1D6}.Debug|Any CPU.Build.0 = Debug|Any CPU
		{EEAA8FE9-5249-4F5D-99F9-FEFB5E90F1D6}.Debug|x86.ActiveCfg = Debug|Any CPU
		{EEAA8FE9-5249-4F5D-99F9-FEFB5E90F1D6}.Debug|x86.Build.0 = Debug|Any CPU
		{EEAA8FE9-5249-4F5D-99F9-FEFB5E90F1D6}.Release|Any CPU.ActiveCfg = Release|Any CPU
		{EEAA8FE9-5249-4F5D-99F9-FEFB5E90F1D6}.Release|Any CPU.Build.0 = Release|Any CPU
		{EEAA8FE9-5249-4F5D-99F9-FEFB5E90F1D6}.Release|x86.ActiveCfg = Release|Any CPU
		{EEAA8FE9-5249-4F5D-99F9-FEFB5E90F1D6}.Release|x86.Build.0 = Release|Any CPU
		{474B5B9E-0DEB-41EE-8BB1-453E8276A3BD}.Debug|Any CPU.ActiveCfg = Debug|Any CPU
		{474B5B9E-0DEB-41EE-8BB1-453E8276A3BD}.Debug|Any CPU.Build.0 = Debug|Any CPU
		{474B5B9E-0DEB-41EE-8BB1-453E8276A3BD}.Debug|x86.ActiveCfg = Debug|Any CPU
		{474B5B9E-0DEB-41EE-8BB1-453E8276A3BD}.Debug|x86.Build.0 = Debug|Any CPU
		{474B5B9E-0DEB-41EE-8BB1-453E8276A3BD}.Release|Any CPU.ActiveCfg = Release|Any CPU
		{474B5B9E-0DEB-41EE-8BB1-453E8276A3BD}.Release|Any CPU.Build.0 = Release|Any CPU
		{474B5B9E-0DEB-41EE-8BB1-453E8276A3BD}.Release|x86.ActiveCfg = Release|Any CPU
		{474B5B9E-0DEB-41EE-8BB1-453E8276A3BD}.Release|x86.Build.0 = Release|Any CPU
		{E0D4FE88-073C-4902-83C1-9164E22CE806}.Debug|Any CPU.ActiveCfg = Debug|Any CPU
		{E0D4FE88-073C-4902-83C1-9164E22CE806}.Debug|Any CPU.Build.0 = Debug|Any CPU
		{E0D4FE88-073C-4902-83C1-9164E22CE806}.Debug|x86.ActiveCfg = Debug|Any CPU
		{E0D4FE88-073C-4902-83C1-9164E22CE806}.Debug|x86.Build.0 = Debug|Any CPU
		{E0D4FE88-073C-4902-83C1-9164E22CE806}.Release|Any CPU.ActiveCfg = Release|Any CPU
		{E0D4FE88-073C-4902-83C1-9164E22CE806}.Release|Any CPU.Build.0 = Release|Any CPU
		{E0D4FE88-073C-4902-83C1-9164E22CE806}.Release|x86.ActiveCfg = Release|Any CPU
		{E0D4FE88-073C-4902-83C1-9164E22CE806}.Release|x86.Build.0 = Release|Any CPU
		{E883C9B4-44E3-42DC-AD0E-4AB87203EDBC}.Debug|Any CPU.ActiveCfg = Debug|Any CPU
		{E883C9B4-44E3-42DC-AD0E-4AB87203EDBC}.Debug|Any CPU.Build.0 = Debug|Any CPU
		{E883C9B4-44E3-42DC-AD0E-4AB87203EDBC}.Debug|x86.ActiveCfg = Debug|Any CPU
		{E883C9B4-44E3-42DC-AD0E-4AB87203EDBC}.Debug|x86.Build.0 = Debug|Any CPU
		{E883C9B4-44E3-42DC-AD0E-4AB87203EDBC}.Release|Any CPU.ActiveCfg = Release|Any CPU
		{E883C9B4-44E3-42DC-AD0E-4AB87203EDBC}.Release|Any CPU.Build.0 = Release|Any CPU
		{E883C9B4-44E3-42DC-AD0E-4AB87203EDBC}.Release|x86.ActiveCfg = Release|Any CPU
		{E883C9B4-44E3-42DC-AD0E-4AB87203EDBC}.Release|x86.Build.0 = Release|Any CPU
		{0CE8E036-B920-4F83-95B6-27D8925EA472}.Debug|Any CPU.ActiveCfg = Debug|Any CPU
		{0CE8E036-B920-4F83-95B6-27D8925EA472}.Debug|Any CPU.Build.0 = Debug|Any CPU
		{0CE8E036-B920-4F83-95B6-27D8925EA472}.Debug|x86.ActiveCfg = Debug|Any CPU
		{0CE8E036-B920-4F83-95B6-27D8925EA472}.Debug|x86.Build.0 = Debug|Any CPU
		{0CE8E036-B920-4F83-95B6-27D8925EA472}.Release|Any CPU.ActiveCfg = Release|Any CPU
		{0CE8E036-B920-4F83-95B6-27D8925EA472}.Release|Any CPU.Build.0 = Release|Any CPU
		{0CE8E036-B920-4F83-95B6-27D8925EA472}.Release|x86.ActiveCfg = Release|Any CPU
		{0CE8E036-B920-4F83-95B6-27D8925EA472}.Release|x86.Build.0 = Release|Any CPU
		{E9F17C93-4D74-4A1F-8AEE-0645DB091F35}.Debug|Any CPU.ActiveCfg = Debug|Any CPU
		{E9F17C93-4D74-4A1F-8AEE-0645DB091F35}.Debug|Any CPU.Build.0 = Debug|Any CPU
		{E9F17C93-4D74-4A1F-8AEE-0645DB091F35}.Debug|x86.ActiveCfg = Debug|Any CPU
		{E9F17C93-4D74-4A1F-8AEE-0645DB091F35}.Debug|x86.Build.0 = Debug|Any CPU
		{E9F17C93-4D74-4A1F-8AEE-0645DB091F35}.Release|Any CPU.ActiveCfg = Release|Any CPU
		{E9F17C93-4D74-4A1F-8AEE-0645DB091F35}.Release|Any CPU.Build.0 = Release|Any CPU
		{E9F17C93-4D74-4A1F-8AEE-0645DB091F35}.Release|x86.ActiveCfg = Release|Any CPU
		{E9F17C93-4D74-4A1F-8AEE-0645DB091F35}.Release|x86.Build.0 = Release|Any CPU
	EndGlobalSection
	GlobalSection(SolutionProperties) = preSolution
		HideSolutionNode = FALSE
	EndGlobalSection
	GlobalSection(NestedProjects) = preSolution
		{E0F97B67-F1A2-45F3-A662-055FE1FEDB91} = {19B39127-F252-4653-B89B-4590B211FD77}
		{4FF8E428-5D1A-41D5-82AA-B2EB2094B21A} = {19B39127-F252-4653-B89B-4590B211FD77}
		{BB1A948A-012B-4EEC-852C-837072C6475D} = {718513C5-B6AE-4F1A-8B59-ACB43B3DAA21}
		{B5656048-8805-4C5B-A7E7-0DA5C1688E41} = {19B39127-F252-4653-B89B-4590B211FD77}
		{17B5E84C-0925-48D2-9375-C55217658720} = {9AD0C9FC-4F19-40F9-969A-A473FA0EF249}
		{FA1C9CBA-B5CF-4BEA-971D-9A5731E85B8A} = {19B39127-F252-4653-B89B-4590B211FD77}
		{6771BBB3-C134-48B9-8BA8-CC189CA26499} = {19B39127-F252-4653-B89B-4590B211FD77}
		{20936FDE-4AE6-4667-8BF5-3E3F80F3FEE1} = {17B5A392-4993-4F4B-A3C6-420B69A9BC52}
		{2E96075A-720B-4CB7-B904-9E59A1F3E486} = {20936FDE-4AE6-4667-8BF5-3E3F80F3FEE1}
		{9AD0C9FC-4F19-40F9-969A-A473FA0EF249} = {17B5A392-4993-4F4B-A3C6-420B69A9BC52}
		{19B39127-F252-4653-B89B-4590B211FD77} = {17B5A392-4993-4F4B-A3C6-420B69A9BC52}
		{0488FEC5-C522-4AC4-9038-6A6A5D5D1D36} = {17B5A392-4993-4F4B-A3C6-420B69A9BC52}
		{EEAA8FE9-5249-4F5D-99F9-FEFB5E90F1D6} = {0488FEC5-C522-4AC4-9038-6A6A5D5D1D36}
		{6F14F372-DE0D-4BB0-B7C5-0571B091B375} = {17B5A392-4993-4F4B-A3C6-420B69A9BC52}
		{474B5B9E-0DEB-41EE-8BB1-453E8276A3BD} = {6F14F372-DE0D-4BB0-B7C5-0571B091B375}
		{E0D4FE88-073C-4902-83C1-9164E22CE806} = {19B39127-F252-4653-B89B-4590B211FD77}
		{E883C9B4-44E3-42DC-AD0E-4AB87203EDBC} = {20936FDE-4AE6-4667-8BF5-3E3F80F3FEE1}
		{0CE8E036-B920-4F83-95B6-27D8925EA472} = {0488FEC5-C522-4AC4-9038-6A6A5D5D1D36}
		{E9F17C93-4D74-4A1F-8AEE-0645DB091F35} = {0488FEC5-C522-4AC4-9038-6A6A5D5D1D36}
	EndGlobalSection
	GlobalSection(ExtensibilityGlobals) = postSolution
		SolutionGuid = {7716740D-07D5-48A5-89AC-F9BC8E61E5DC}
	EndGlobalSection
EndGlobal
