
Microsoft Visual Studio Solution File, Format Version 12.00
# Visual Studio Version 16
VisualStudioVersion = 16.0.30523.141
MinimumVisualStudioVersion = 10.0.40219.1
Project("{9A19103F-16F7-4668-BE54-9A1E7A4F7556}") = "IBE.Identifiers", "IBE.Identifiers\IBE.Identifiers.csproj", "{22E0D0AF-777C-4BB7-94B7-D1F1CCB2A987}"
EndProject
Project("{2150E333-8FDC-42A3-9474-1A3956D46DE8}") = "Root", "Root", "{7B0B3254-AB07-4311-AE6A-6370AC142B4F}"
	ProjectSection(SolutionItems) = preProject
		..\README.md = ..\README.md
	EndProjectSection
EndProject
Project("{9A19103F-16F7-4668-BE54-9A1E7A4F7556}") = "IBE.Data", "IBE.Data\IBE.Data.csproj", "{E0F97B67-F1A2-45F3-A662-055FE1FEDB91}"
EndProject
Project("{FAE04EC0-301F-11D3-BF4B-00C04F79EFBC}") = "IBE.Data.Import", "IBE.Data.Import\IBE.Data.Import.csproj", "{4FF8E428-5D1A-41D5-82AA-B2EB2094B21A}"
EndProject
Global
	GlobalSection(SolutionConfigurationPlatforms) = preSolution
		Debug|Any CPU = Debug|Any CPU
		Release|Any CPU = Release|Any CPU
	EndGlobalSection
	GlobalSection(ProjectConfigurationPlatforms) = postSolution
		{22E0D0AF-777C-4BB7-94B7-D1F1CCB2A987}.Debug|Any CPU.ActiveCfg = Debug|Any CPU
		{22E0D0AF-777C-4BB7-94B7-D1F1CCB2A987}.Debug|Any CPU.Build.0 = Debug|Any CPU
		{22E0D0AF-777C-4BB7-94B7-D1F1CCB2A987}.Release|Any CPU.ActiveCfg = Release|Any CPU
		{22E0D0AF-777C-4BB7-94B7-D1F1CCB2A987}.Release|Any CPU.Build.0 = Release|Any CPU
		{E0F97B67-F1A2-45F3-A662-055FE1FEDB91}.Debug|Any CPU.ActiveCfg = Debug|Any CPU
		{E0F97B67-F1A2-45F3-A662-055FE1FEDB91}.Debug|Any CPU.Build.0 = Debug|Any CPU
		{E0F97B67-F1A2-45F3-A662-055FE1FEDB91}.Release|Any CPU.ActiveCfg = Release|Any CPU
		{E0F97B67-F1A2-45F3-A662-055FE1FEDB91}.Release|Any CPU.Build.0 = Release|Any CPU
		{4FF8E428-5D1A-41D5-82AA-B2EB2094B21A}.Debug|Any CPU.ActiveCfg = Debug|Any CPU
		{4FF8E428-5D1A-41D5-82AA-B2EB2094B21A}.Debug|Any CPU.Build.0 = Debug|Any CPU
		{4FF8E428-5D1A-41D5-82AA-B2EB2094B21A}.Release|Any CPU.ActiveCfg = Release|Any CPU
		{4FF8E428-5D1A-41D5-82AA-B2EB2094B21A}.Release|Any CPU.Build.0 = Release|Any CPU
	EndGlobalSection
	GlobalSection(SolutionProperties) = preSolution
		HideSolutionNode = FALSE
	EndGlobalSection
	GlobalSection(ExtensibilityGlobals) = postSolution
		SolutionGuid = {7716740D-07D5-48A5-89AC-F9BC8E61E5DC}
	EndGlobalSection
EndGlobal
